<?xml version="1.0" encoding="utf-8"?>
<Project ToolsVersion="4.0" xmlns="http://schemas.microsoft.com/developer/msbuild/2003">
  <ItemGroup>
    <ClCompile Include="dllmain.cpp" />
    <ClCompile Include="DebugTimer.cpp">
      <Filter>Debug</Filter>
    </ClCompile>
    <ClCompile Include="DebugShapeManager.cpp">
      <Filter>Debug\Renderer\DebugShapes</Filter>
    </ClCompile>
    <ClCompile Include="AutoProfilerManager.cpp">
      <Filter>Debug\Profiling</Filter>
    </ClCompile>
    <ClCompile Include="DebugMenuManager.cpp">
      <Filter>Debug\Renderer\DebugMenu</Filter>
    </ClCompile>
    <ClCompile Include="DebugSlider_mock.cpp">
      <Filter>MiddleWare\QT</Filter>
    </ClCompile>
    <ClCompile Include="DebugSlider.cpp">
      <Filter>MiddleWare\QT</Filter>
    </ClCompile>
    <ClCompile Include="LogManager.cpp">
      <Filter>Debug\Logging</Filter>
    </ClCompile>
    <ClCompile Include="LinkedSlider.cpp">
      <Filter>MiddleWare\QT</Filter>
    </ClCompile>
    <ClCompile Include="MyRandom.cpp">
      <Filter>Tools</Filter>
    </ClCompile>
    <ClCompile Include="Timer.cpp">
      <Filter>Tools</Filter>
    </ClCompile>
    <ClCompile Include="Camera.cpp">
      <Filter>Tools</Filter>
    </ClCompile>
    <ClCompile Include="ShaderProgram.cpp">
      <Filter>MiddleWare\OpenGLExtensions\Renderer\Shaders</Filter>
    </ClCompile>
    <ClCompile Include="ShaderUniformPram.cpp">
      <Filter>MiddleWare\OpenGLExtensions\Renderer\Shaders</Filter>
    </ClCompile>
    <ClCompile Include="BinaryToShapeLoader.cpp">
      <Filter>MiddleWare\OpenGLExtensions\Renderer\GEO</Filter>
    </ClCompile>
    <ClCompile Include="BufferManager.cpp">
      <Filter>MiddleWare\OpenGLExtensions\Renderer\GEO</Filter>
    </ClCompile>
    <ClCompile Include="GeometryInfo.cpp">
      <Filter>MiddleWare\OpenGLExtensions\Renderer\GEO</Filter>
    </ClCompile>
    <ClCompile Include="NUShapeEditor.cpp">
      <Filter>MiddleWare\OpenGLExtensions\Neumont</Filter>
    </ClCompile>
    <ClCompile Include="Renderable.cpp">
      <Filter>MiddleWare\OpenGLExtensions\Renderer</Filter>
    </ClCompile>
    <ClCompile Include="Renderer.cpp">
      <Filter>MiddleWare\OpenGLExtensions\Renderer</Filter>
    </ClCompile>
  </ItemGroup>
  <ItemGroup>
    <ClInclude Include="ExportHeader.h" />
    <ClInclude Include="DebugMemHeader.h">
      <Filter>Debug</Filter>
    </ClInclude>
    <ClInclude Include="DebugTimer.h">
      <Filter>Debug</Filter>
    </ClInclude>
    <ClInclude Include="DebugShapeManager.h">
      <Filter>Debug\Renderer\DebugShapes</Filter>
    </ClInclude>
    <ClInclude Include="AutoProfileManager.h">
      <Filter>Debug\Profiling</Filter>
    </ClInclude>
    <ClInclude Include="AutoProfileManagerMacros.h">
      <Filter>Debug\Profiling</Filter>
    </ClInclude>
    <ClInclude Include="AutoProfiler.h">
      <Filter>Debug\Profiling</Filter>
    </ClInclude>
    <ClInclude Include="DebugMenuManager.h">
      <Filter>Debug\Renderer\DebugMenu</Filter>
    </ClInclude>
    <ClInclude Include="DebugSlider.h">
      <Filter>MiddleWare\QT</Filter>
    </ClInclude>
    <ClInclude Include="BoolToggleController.h">
      <Filter>Debug\Renderer\DebugMenu\Controllers</Filter>
    </ClInclude>
    <ClInclude Include="NUShapeEditor.h">
      <Filter>MiddleWare\OpenGLExtensions\Neumont</Filter>
    </ClInclude>
    <ClInclude Include="LogData.h">
      <Filter>Debug\Logging</Filter>
    </ClInclude>
    <ClInclude Include="LogManager.h">
      <Filter>Debug\Logging</Filter>
    </ClInclude>
    <ClInclude Include="Matrix2D.h">
      <Filter>Tools\MyMath</Filter>
    </ClInclude>
    <ClInclude Include="Matrix3D.h">
      <Filter>Tools\MyMath</Filter>
    </ClInclude>
    <ClInclude Include="LinkedSlider.h">
      <Filter>MiddleWare\QT</Filter>
    </ClInclude>
    <ClInclude Include="SlideFloatController.h">
      <Filter>Debug\Renderer\DebugMenu\Controllers</Filter>
    </ClInclude>
    <ClInclude Include="SlideVectorController.h">
      <Filter>Debug\Renderer\DebugMenu\Controllers</Filter>
    </ClInclude>
    <ClInclude Include="WatchFloatController.h">
      <Filter>Debug\Renderer\DebugMenu\Controllers</Filter>
    </ClInclude>
    <ClInclude Include="WatchVectorController.h">
      <Filter>Debug\Renderer\DebugMenu\Controllers</Filter>
    </ClInclude>
    <ClInclude Include="Vector 2.h">
      <Filter>Tools\MyMath</Filter>
    </ClInclude>
    <ClInclude Include="Vector3D.h">
      <Filter>Tools\MyMath</Filter>
    </ClInclude>
    <ClInclude Include="ParameterType.h">
      <Filter>MiddleWare\OpenGLExtensions\Renderer</Filter>
    </ClInclude>
    <ClInclude Include="SquareMatrix.h">
      <Filter>Tools\MyMath</Filter>
    </ClInclude>
    <ClInclude Include="ProfileCategory.h">
      <Filter>Debug\Profiling</Filter>
    </ClInclude>
    <ClInclude Include="MyRandom.h">
      <Filter>Tools</Filter>
    </ClInclude>
    <ClInclude Include="SingleKeyManager.h">
      <Filter>Tools</Filter>
    </ClInclude>
    <ClInclude Include="Timer.h">
      <Filter>Tools</Filter>
    </ClInclude>
    <ClInclude Include="Camera.h">
      <Filter>Tools</Filter>
    </ClInclude>
    <ClInclude Include="myAssert.h">
      <Filter>Debug</Filter>
    </ClInclude>
    <ClInclude Include="ShaderProgram.h">
      <Filter>MiddleWare\OpenGLExtensions\Renderer\Shaders</Filter>
    </ClInclude>
    <ClInclude Include="ShaderUniformPram.h">
      <Filter>MiddleWare\OpenGLExtensions\Renderer\Shaders</Filter>
    </ClInclude>
    <ClInclude Include="BinaryToShapeLoader.h">
      <Filter>MiddleWare\OpenGLExtensions\Renderer\GEO</Filter>
    </ClInclude>
    <ClInclude Include="BufferManager.h">
      <Filter>MiddleWare\OpenGLExtensions\Renderer\GEO</Filter>
    </ClInclude>
    <ClInclude Include="GeometryInfo.h">
      <Filter>MiddleWare\OpenGLExtensions\Renderer\GEO</Filter>
    </ClInclude>
    <ClInclude Include="Renderable.h">
      <Filter>MiddleWare\OpenGLExtensions\Renderer</Filter>
    </ClInclude>
    <ClInclude Include="Renderer.h">
      <Filter>MiddleWare\OpenGLExtensions\Renderer</Filter>
    </ClInclude>
  </ItemGroup>
  <ItemGroup>
    <None Include="Matrix2D.inl">
      <Filter>Tools\MyMath</Filter>
    </None>
    <None Include="Matrix3D.inl">
      <Filter>Tools\MyMath</Filter>
    </None>
    <None Include="Vector3D.inl">
      <Filter>Tools\MyMath</Filter>
    </None>
    <None Include="Vector 2.inl">
      <Filter>Tools\MyMath</Filter>
    </None>
  </ItemGroup>
  <ItemGroup>
    <Filter Include="Debug">
      <UniqueIdentifier>{0b758b8d-bbc5-4f4a-8618-9e23b95426c3}</UniqueIdentifier>
    </Filter>
    <Filter Include="MiddleWare">
      <UniqueIdentifier>{4045032b-0a3c-4135-ab9d-277f8a4f9e3d}</UniqueIdentifier>
    </Filter>
    <Filter Include="MiddleWare\OpenGLExtensions">
      <UniqueIdentifier>{4ca0ce81-59b0-449b-8dfa-8852337527c8}</UniqueIdentifier>
    </Filter>
    <Filter Include="MiddleWare\OpenGLExtensions\Renderer">
      <UniqueIdentifier>{f1757a8f-f9d1-4930-88a2-2a379bc3c319}</UniqueIdentifier>
    </Filter>
    <Filter Include="Debug\Renderer">
      <UniqueIdentifier>{96096083-1865-4d2b-af9c-6716a4055919}</UniqueIdentifier>
    </Filter>
    <Filter Include="Debug\Renderer\DebugShapes">
      <UniqueIdentifier>{d8a60802-5e07-4a43-ab9f-c19d058b72ae}</UniqueIdentifier>
    </Filter>
    <Filter Include="Debug\Renderer\DebugMenu">
      <UniqueIdentifier>{1c32f32f-29f4-4193-883e-0e7442f8a72d}</UniqueIdentifier>
    </Filter>
    <Filter Include="Debug\Logging">
      <UniqueIdentifier>{0e9c8b9a-3a9c-42b1-a49c-552f9e5e3d5b}</UniqueIdentifier>
    </Filter>
    <Filter Include="Debug\Profiling">
      <UniqueIdentifier>{379a2abb-e59d-4933-8898-52a0df4a53bd}</UniqueIdentifier>
    </Filter>
    <Filter Include="MiddleWare\QT">
      <UniqueIdentifier>{9b4852f4-6fad-4d80-bd99-60b699441f0b}</UniqueIdentifier>
    </Filter>
    <Filter Include="Debug\Renderer\DebugMenu\Controllers">
      <UniqueIdentifier>{cdc2eb99-d2f8-42f6-a657-76e5fb319458}</UniqueIdentifier>
    </Filter>
    <Filter Include="MiddleWare\OpenGLExtensions\Neumont">
      <UniqueIdentifier>{45ce0cd4-4cbe-4130-9d42-8d19b87ce2e8}</UniqueIdentifier>
    </Filter>
    <Filter Include="Tools">
      <UniqueIdentifier>{0a2aaea5-ab7b-4703-8262-e883ed7b25ba}</UniqueIdentifier>
    </Filter>
    <Filter Include="Tools\MyMath">
      <UniqueIdentifier>{ad41382c-5c5a-4e45-b9c7-e0bf9733e7ee}</UniqueIdentifier>
    </Filter>
    <Filter Include="MiddleWare\OpenGLExtensions\Renderer\Shaders">
      <UniqueIdentifier>{91908fd0-5bf0-4e26-9d76-cdd4346e0a00}</UniqueIdentifier>
    </Filter>
    <Filter Include="MiddleWare\OpenGLExtensions\Renderer\GEO">
      <UniqueIdentifier>{f9b46aa5-a278-4a9e-9d37-1799433af071}</UniqueIdentifier>
    </Filter>
  </ItemGroup>
</Project>