
Microsoft Visual Studio Solution File, Format Version 12.00
# Visual Studio 2012
Project("{8BC9CEB8-8B4A-11D0-8D11-00A0C91BC942}") = "OpenGL3D", "OpenGL3D\OpenGL3D.vcxproj", "{137B0F52-AEE9-4714-84B4-045528417257}"
EndProject
Global
	GlobalSection(SolutionConfigurationPlatforms) = preSolution
		Debug|Win32 = Debug|Win32
		Release|Win32 = Release|Win32
	EndGlobalSection
	GlobalSection(ProjectConfigurationPlatforms) = postSolution
		{137B0F52-AEE9-4714-84B4-045528417257}.Debug|Win32.ActiveCfg = Debug|Win32
		{137B0F52-AEE9-4714-84B4-045528417257}.Debug|Win32.Build.0 = Debug|Win32
		{137B0F52-AEE9-4714-84B4-045528417257}.Release|Win32.ActiveCfg = Release|Win32
		{137B0F52-AEE9-4714-84B4-045528417257}.Release|Win32.Build.0 = Release|Win32
	EndGlobalSection
	GlobalSection(SolutionProperties) = preSolution
		HideSolutionNode = FALSE
	EndGlobalSection
EndGlobal
