
Microsoft Visual Studio Solution File, Format Version 12.00
# Visual Studio 2012
Project("{8BC9CEB8-8B4A-11D0-8D11-00A0C91BC942}") = "MeTest1", "MeTest1\MeTest1.vcxproj", "{B695A0D6-9BA2-447E-B656-6FC30CF90419}"
EndProject
Global
	GlobalSection(SolutionConfigurationPlatforms) = preSolution
		Debug|Win32 = Debug|Win32
		Release|Win32 = Release|Win32
	EndGlobalSection
	GlobalSection(ProjectConfigurationPlatforms) = postSolution
		{B695A0D6-9BA2-447E-B656-6FC30CF90419}.Debug|Win32.ActiveCfg = Debug|Win32
		{B695A0D6-9BA2-447E-B656-6FC30CF90419}.Debug|Win32.Build.0 = Debug|Win32
		{B695A0D6-9BA2-447E-B656-6FC30CF90419}.Release|Win32.ActiveCfg = Release|Win32
		{B695A0D6-9BA2-447E-B656-6FC30CF90419}.Release|Win32.Build.0 = Release|Win32
	EndGlobalSection
	GlobalSection(SolutionProperties) = preSolution
		HideSolutionNode = FALSE
	EndGlobalSection
EndGlobal
