<?xml version="1.0" encoding="utf-8"?>
<Project ToolsVersion="4.0" xmlns="http://schemas.microsoft.com/developer/msbuild/2003">
  <ItemGroup>
    <ClCompile Include="Main.cpp" />
    <ClCompile Include="MyGUI.cpp" />
    <ClCompile Include="MyGUI_mock.cpp" />
    <ClCompile Include="MyWindow.cpp" />
    <ClCompile Include="MyWindow_mock.cpp" />
    <ClCompile Include="Character.cpp">
      <Filter>Players</Filter>
    </ClCompile>
    <ClCompile Include="Flag.cpp">
      <Filter>Players</Filter>
    </ClCompile>
    <ClCompile Include="Team.cpp">
      <Filter>Players</Filter>
    </ClCompile>
    <ClCompile Include="GameInstance.cpp">
      <Filter>Players</Filter>
    </ClCompile>
    <ClCompile Include="Questions.cpp">
      <Filter>Decisions</Filter>
    </ClCompile>
    <ClCompile Include="RandomPathState.cpp">
      <Filter>Decisions\States</Filter>
    </ClCompile>
    <ClCompile Include="RunningToHomeBase.cpp">
      <Filter>Decisions\States</Filter>
    </ClCompile>
    <ClCompile Include="FetchingFlag.cpp">
      <Filter>Decisions\States</Filter>
    </ClCompile>
  </ItemGroup>
  <ItemGroup>
    <ClInclude Include="MyGUI.h" />
    <ClInclude Include="MyWindow.h" />
    <ClInclude Include="Character.h">
      <Filter>Players</Filter>
    </ClInclude>
    <ClInclude Include="Flag.h">
      <Filter>Players</Filter>
    </ClInclude>
    <ClInclude Include="State.h">
      <Filter>Decisions\States</Filter>
    </ClInclude>
    <ClInclude Include="RunningToHomeBase.h">
      <Filter>Decisions\States</Filter>
    </ClInclude>
    <ClInclude Include="FetchingFlag.h">
      <Filter>Decisions\States</Filter>
    </ClInclude>
    <ClInclude Include="GameInstance.h">
      <Filter>Players</Filter>
    </ClInclude>
    <ClInclude Include="Team.h">
      <Filter>Players</Filter>
    </ClInclude>
    <ClInclude Include="DecisionTreeNode.h">
      <Filter>Decisions</Filter>
    </ClInclude>
    <ClInclude Include="Questions.h">
      <Filter>Decisions</Filter>
    </ClInclude>
    <ClInclude Include="RandomPathState.h">
      <Filter>Decisions\States</Filter>
    </ClInclude>
  </ItemGroup>
  <ItemGroup>
    <Filter Include="Players">
      <UniqueIdentifier>{2a7ad19e-c5c9-4667-820b-baa6d29b04ee}</UniqueIdentifier>
    </Filter>
    <Filter Include="Decisions">
      <UniqueIdentifier>{a54695e7-0c34-420a-97b3-781289460d4f}</UniqueIdentifier>
    </Filter>
    <Filter Include="Decisions\States">
      <UniqueIdentifier>{ae882297-b347-4d54-ad7d-b9c6dcc9acd4}</UniqueIdentifier>
    </Filter>
  </ItemGroup>
</Project>