<?xml version="1.0" encoding="utf-8"?>
<Project ToolsVersion="4.0" xmlns="http://schemas.microsoft.com/developer/msbuild/2003">
  <ItemGroup>
    <Filter Include="Objects">
      <UniqueIdentifier>{6a631003-0eae-4cda-bd55-e10cc50d03e6}</UniqueIdentifier>
    </Filter>
    <Filter Include="Objects\World">
      <UniqueIdentifier>{ca6b4b6b-780b-4892-9a1d-ccad08387c28}</UniqueIdentifier>
    </Filter>
    <Filter Include="Objects\Entities">
      <UniqueIdentifier>{6b6e6a61-0a6b-4494-9b6d-a2b13473e0b2}</UniqueIdentifier>
    </Filter>
    <Filter Include="GameManagment">
      <UniqueIdentifier>{95f9933d-e927-4d82-8e02-da0ce1355037}</UniqueIdentifier>
    </Filter>
    <Filter Include="Objects\World\Boundary">
      <UniqueIdentifier>{697cc196-fe41-49ae-b146-50f8a08dbdae}</UniqueIdentifier>
    </Filter>
    <Filter Include="ToPlaceInEngine">
      <UniqueIdentifier>{87285be6-c3a8-4bed-8410-83464629cba5}</UniqueIdentifier>
    </Filter>
    <Filter Include="Objects\General Interfaces">
      <UniqueIdentifier>{3c4957c7-6591-488f-a221-5fb3a63d0b3a}</UniqueIdentifier>
    </Filter>
    <Filter Include="Objects\General Interfaces\Dynamic Pos">
      <UniqueIdentifier>{e32b401b-7d1c-43e6-88e7-fbd2d890f4ea}</UniqueIdentifier>
    </Filter>
    <Filter Include="ToPlaceInEngine\Graphics">
      <UniqueIdentifier>{a175fb16-9809-4ace-9354-58c77f1dcdcd}</UniqueIdentifier>
    </Filter>
    <Filter Include="ToPlaceInEngine\Graphics\Particle Effects">
      <UniqueIdentifier>{de9874e7-1fbe-4dc7-b990-8fb5d5368086}</UniqueIdentifier>
    </Filter>
    <Filter Include="Objects\General Interfaces\MoveLogic">
      <UniqueIdentifier>{7c2b8ba8-ed0c-43f4-8099-3bd0a3b1b8bd}</UniqueIdentifier>
    </Filter>
    <Filter Include="Objects\General Interfaces\TargetLogic">
      <UniqueIdentifier>{aba16334-aec5-4144-8cda-0489b38876ed}</UniqueIdentifier>
    </Filter>
    <Filter Include="Objects\General Interfaces\Turrets">
      <UniqueIdentifier>{a53c8957-6dd7-4c35-a191-5dbeb70f59fa}</UniqueIdentifier>
    </Filter>
    <Filter Include="Objects\General Interfaces\Enemies">
      <UniqueIdentifier>{1807515a-04bd-4c21-8c8d-9caf844bc22e}</UniqueIdentifier>
    </Filter>
    <Filter Include="Objects\General Interfaces\DroppedItem">
      <UniqueIdentifier>{6133ac9c-c841-46c0-adc3-63790897d6d7}</UniqueIdentifier>
    </Filter>
    <Filter Include="ToPlaceInEngine\DEBUG">
      <UniqueIdentifier>{611cdf84-37ee-4674-9c33-daa2d0c3673f}</UniqueIdentifier>
    </Filter>
    <Filter Include="ToPlaceInEngine\LOGGING">
      <UniqueIdentifier>{8f20907c-8aa5-4f42-82f9-369342571a67}</UniqueIdentifier>
    </Filter>
    <Filter Include="ToPlaceInEngine\Graphics\Particle Effects\CustomFont">
      <UniqueIdentifier>{23fb4ef7-7281-4f03-9482-3b519f4ad3d9}</UniqueIdentifier>
    </Filter>
    <Filter Include="StartScreen">
      <UniqueIdentifier>{8d119edc-01d2-4ba6-9cb1-7db214a669f1}</UniqueIdentifier>
    </Filter>
    <Filter Include="GameManagment\UI">
      <UniqueIdentifier>{4a755c81-c2a8-4eaf-bdcc-5aec19e2c349}</UniqueIdentifier>
    </Filter>
    <Filter Include="GameManagment\Headers">
      <UniqueIdentifier>{dd708892-51cc-41a3-92be-d4944558cf7e}</UniqueIdentifier>
    </Filter>
  </ItemGroup>
  <ItemGroup>
    <ClCompile Include="Shape.cpp">
      <Filter>Objects</Filter>
    </ClCompile>
    <ClCompile Include="GameSpace.cpp">
      <Filter>Objects\World</Filter>
    </ClCompile>
    <ClCompile Include="Spaceship.cpp">
      <Filter>Objects\Entities</Filter>
    </ClCompile>
    <ClCompile Include="Lerper.cpp">
      <Filter>Objects\Entities</Filter>
    </ClCompile>
    <ClCompile Include="Turret.cpp">
      <Filter>Objects\General Interfaces\Turrets</Filter>
    </ClCompile>
    <ClCompile Include="Boundary.cpp">
      <Filter>Objects\World\Boundary</Filter>
    </ClCompile>
    <ClCompile Include="SimpleBounary.cpp">
      <Filter>Objects\World\Boundary</Filter>
    </ClCompile>
    <ClCompile Include="BulletManager.cpp">
      <Filter>Objects</Filter>
    </ClCompile>
    <ClCompile Include="SolarSystem.cpp">
      <Filter>Objects\Entities</Filter>
    </ClCompile>
    <ClCompile Include="TurretMark2.cpp">
      <Filter>Objects\General Interfaces\Turrets</Filter>
    </ClCompile>
    <ClCompile Include="BasicTurret.cpp">
      <Filter>Objects\General Interfaces\Turrets</Filter>
    </ClCompile>
    <ClCompile Include="ComplexBoundary.cpp">
      <Filter>Objects\World\Boundary</Filter>
    </ClCompile>
    <ClCompile Include="main.cpp" />
    <ClCompile Include="TurretMark3.cpp">
      <Filter>Objects\General Interfaces\Turrets</Filter>
    </ClCompile>
    <ClCompile Include="TurretMark4.cpp">
      <Filter>Objects\General Interfaces\Turrets</Filter>
    </ClCompile>
    <ClCompile Include="TurretMark5.cpp">
      <Filter>Objects\General Interfaces\Turrets</Filter>
    </ClCompile>
    <ClCompile Include="Controller.cpp">
      <Filter>GameManagment</Filter>
    </ClCompile>
    <ClCompile Include="ExplosionEffect.cpp">
      <Filter>ToPlaceInEngine\Graphics\Particle Effects</Filter>
    </ClCompile>
    <ClCompile Include="ParticalManager.cpp">
      <Filter>ToPlaceInEngine\Graphics\Particle Effects</Filter>
    </ClCompile>
    <ClCompile Include="ExhaustEffect.cpp">
      <Filter>ToPlaceInEngine\Graphics\Particle Effects</Filter>
    </ClCompile>
    <ClCompile Include="ParticalEffect.cpp">
      <Filter>ToPlaceInEngine\Graphics\Particle Effects</Filter>
    </ClCompile>
    <ClCompile Include="FireOnClick.cpp">
      <Filter>Objects\General Interfaces\TargetLogic</Filter>
    </ClCompile>
    <ClCompile Include="GameEntity.cpp">
      <Filter>Objects\General Interfaces</Filter>
    </ClCompile>
    <ClCompile Include="DynamicPositionOfEntity.cpp">
      <Filter>Objects\General Interfaces\Dynamic Pos</Filter>
    </ClCompile>
    <ClCompile Include="StaticPos.cpp">
      <Filter>Objects\General Interfaces\Dynamic Pos</Filter>
    </ClCompile>
    <ClCompile Include="TargetMouse.cpp">
      <Filter>Objects\General Interfaces\Dynamic Pos</Filter>
    </ClCompile>
    <ClCompile Include="Timer.cpp">
      <Filter>ToPlaceInEngine</Filter>
    </ClCompile>
    <ClCompile Include="..\Engine\ExtendedGraphics.cpp">
      <Filter>ToPlaceInEngine\Graphics</Filter>
    </ClCompile>
    <ClCompile Include="Bullet.cpp">
      <Filter>Objects</Filter>
    </ClCompile>
    <ClCompile Include="Wall.cpp">
      <Filter>Objects\World\Boundary</Filter>
    </ClCompile>
    <ClCompile Include="UserMoveLogic.cpp">
      <Filter>Objects\General Interfaces\MoveLogic</Filter>
    </ClCompile>
    <ClCompile Include="MoveLogic.cpp">
      <Filter>Objects\General Interfaces\MoveLogic</Filter>
    </ClCompile>
    <ClCompile Include="TargetShipMoveLogic.cpp">
      <Filter>Objects\General Interfaces\MoveLogic</Filter>
    </ClCompile>
    <ClCompile Include="Enemy.cpp">
      <Filter>Objects\General Interfaces\Enemies</Filter>
    </ClCompile>
    <ClCompile Include="GameEnemyHandler.cpp">
      <Filter>Objects\General Interfaces\Enemies</Filter>
    </ClCompile>
    <ClCompile Include="EnemyFactory.cpp">
      <Filter>Objects\General Interfaces\Enemies</Filter>
    </ClCompile>
    <ClCompile Include="AutoProfilerManager.cpp">
      <Filter>ToPlaceInEngine\DEBUG</Filter>
    </ClCompile>
    <ClCompile Include="LogManager.cpp">
      <Filter>ToPlaceInEngine\LOGGING</Filter>
    </ClCompile>
    <ClCompile Include="MyGraphics.cpp">
      <Filter>ToPlaceInEngine\Graphics</Filter>
    </ClCompile>
    <ClCompile Include="OffsetGraphic.cpp">
      <Filter>ToPlaceInEngine\Graphics</Filter>
    </ClCompile>
    <ClCompile Include="KamikazeEnemy.cpp">
      <Filter>Objects\General Interfaces\Enemies</Filter>
    </ClCompile>
    <ClCompile Include="ParticalWithDestination.cpp">
      <Filter>ToPlaceInEngine\Graphics\Particle Effects\CustomFont</Filter>
    </ClCompile>
    <ClCompile Include="TextParticalManager.cpp">
      <Filter>ToPlaceInEngine\Graphics\Particle Effects\CustomFont</Filter>
    </ClCompile>
    <ClCompile Include="Letter.cpp">
      <Filter>ToPlaceInEngine\Graphics\Particle Effects\CustomFont</Filter>
    </ClCompile>
    <ClCompile Include="Font.cpp">
      <Filter>ToPlaceInEngine\Graphics\Particle Effects\CustomFont</Filter>
    </ClCompile>
    <ClCompile Include="StartScreen.cpp">
      <Filter>StartScreen</Filter>
    </ClCompile>
    <ClCompile Include="TextFormatting.cpp">
      <Filter>ToPlaceInEngine\Graphics\Particle Effects\CustomFont</Filter>
    </ClCompile>
    <ClCompile Include="DebugTimer.cpp">
      <Filter>ToPlaceInEngine</Filter>
    </ClCompile>
    <ClCompile Include="DynamicPosRandom.cpp">
      <Filter>Objects\General Interfaces\Dynamic Pos</Filter>
    </ClCompile>
    <ClCompile Include="GameInstance.cpp">
      <Filter>GameManagment</Filter>
    </ClCompile>
    <ClCompile Include="Button.cpp">
      <Filter>GameManagment\UI</Filter>
    </ClCompile>
    <ClCompile Include="HUD.cpp">
      <Filter>GameManagment\UI</Filter>
    </ClCompile>
  </ItemGroup>
  <ItemGroup>
    <ClInclude Include="Shape.h">
      <Filter>Objects</Filter>
    </ClInclude>
    <ClInclude Include="GameSpace.h">
      <Filter>Objects\World</Filter>
    </ClInclude>
    <ClInclude Include="SpaceShip.h">
      <Filter>Objects\Entities</Filter>
    </ClInclude>
    <ClInclude Include="Lerper.h">
      <Filter>Objects\Entities</Filter>
    </ClInclude>
    <ClInclude Include="Controller.h">
      <Filter>GameManagment</Filter>
    </ClInclude>
    <ClInclude Include="SolarSystem.h">
      <Filter>Objects\Entities</Filter>
    </ClInclude>
    <ClInclude Include="Bullet.h">
      <Filter>Objects</Filter>
    </ClInclude>
    <ClInclude Include="BulletManager.h">
      <Filter>Objects</Filter>
    </ClInclude>
    <ClInclude Include="Turret.h">
      <Filter>Objects\General Interfaces\Turrets</Filter>
    </ClInclude>
    <ClInclude Include="Boundary.h">
      <Filter>Objects\World\Boundary</Filter>
    </ClInclude>
    <ClInclude Include="SimpleBounary.h">
      <Filter>Objects\World\Boundary</Filter>
    </ClInclude>
    <ClInclude Include="ComplexBoundary.h">
      <Filter>Objects\World\Boundary</Filter>
    </ClInclude>
    <ClInclude Include="BasicTurret.h">
      <Filter>Objects\General Interfaces\Turrets</Filter>
    </ClInclude>
    <ClInclude Include="TurretMark2.h">
      <Filter>Objects\General Interfaces\Turrets</Filter>
    </ClInclude>
    <ClInclude Include="TurretMark5.h">
      <Filter>Objects\General Interfaces\Turrets</Filter>
    </ClInclude>
    <ClInclude Include="TurretMark3.h">
      <Filter>Objects\General Interfaces\Turrets</Filter>
    </ClInclude>
    <ClInclude Include="TurretMark4.h">
      <Filter>Objects\General Interfaces\Turrets</Filter>
    </ClInclude>
    <ClInclude Include="..\Engine\Partical.h">
      <Filter>ToPlaceInEngine\Graphics\Particle Effects</Filter>
    </ClInclude>
    <ClInclude Include="..\Engine\ParticalEffect.h">
      <Filter>ToPlaceInEngine\Graphics\Particle Effects</Filter>
    </ClInclude>
    <ClInclude Include="ExplosionEffect.h">
      <Filter>ToPlaceInEngine\Graphics\Particle Effects</Filter>
    </ClInclude>
    <ClInclude Include="ExhaustEffect.h">
      <Filter>ToPlaceInEngine\Graphics\Particle Effects</Filter>
    </ClInclude>
    <ClInclude Include="ParticalManager.h">
      <Filter>ToPlaceInEngine\Graphics\Particle Effects</Filter>
    </ClInclude>
    <ClInclude Include="SingleKeyManager.h">
      <Filter>ToPlaceInEngine</Filter>
    </ClInclude>
    <ClInclude Include="FireLogic.h">
      <Filter>Objects\General Interfaces\TargetLogic</Filter>
    </ClInclude>
    <ClInclude Include="FireOnClick.h">
      <Filter>Objects\General Interfaces\TargetLogic</Filter>
    </ClInclude>
    <ClInclude Include="GameEntity.h">
      <Filter>Objects\General Interfaces</Filter>
    </ClInclude>
    <ClInclude Include="DynamicPosition.h">
      <Filter>Objects\General Interfaces\Dynamic Pos</Filter>
    </ClInclude>
    <ClInclude Include="DynamicPositionOfEntity.h">
      <Filter>Objects\General Interfaces\Dynamic Pos</Filter>
    </ClInclude>
    <ClInclude Include="StaticPos.h">
      <Filter>Objects\General Interfaces\Dynamic Pos</Filter>
    </ClInclude>
    <ClInclude Include="TargetMouse.h">
      <Filter>Objects\General Interfaces\Dynamic Pos</Filter>
    </ClInclude>
    <ClInclude Include="AlwaysFire.h">
      <Filter>Objects\General Interfaces\TargetLogic</Filter>
    </ClInclude>
    <ClInclude Include="FireAtInterval.h">
      <Filter>Objects\General Interfaces\TargetLogic</Filter>
    </ClInclude>
    <ClInclude Include="RandomFire.h">
      <Filter>Objects\General Interfaces\TargetLogic</Filter>
    </ClInclude>
    <ClInclude Include="Timer.h">
      <Filter>ToPlaceInEngine</Filter>
    </ClInclude>
    <ClInclude Include="..\Engine\ExtendedGraphics.h">
      <Filter>ToPlaceInEngine\Graphics</Filter>
    </ClInclude>
    <ClInclude Include="TwoColTable.h">
      <Filter>ToPlaceInEngine\Graphics</Filter>
    </ClInclude>
    <ClInclude Include="Wall.h">
      <Filter>Objects\World\Boundary</Filter>
    </ClInclude>
    <ClInclude Include="Enemy.h">
      <Filter>Objects\General Interfaces\Enemies</Filter>
    </ClInclude>
    <ClInclude Include="UserMoveLogic.h">
      <Filter>Objects\General Interfaces\MoveLogic</Filter>
    </ClInclude>
    <ClInclude Include="MoveLogic.h">
      <Filter>Objects\General Interfaces\MoveLogic</Filter>
    </ClInclude>
    <ClInclude Include="LivingGameEntity.h">
      <Filter>Objects\General Interfaces</Filter>
    </ClInclude>
    <ClInclude Include="TargetShipMoveLogic.h">
      <Filter>Objects\General Interfaces\MoveLogic</Filter>
    </ClInclude>
    <ClInclude Include="EnemyFactory.h">
      <Filter>Objects\General Interfaces\Enemies</Filter>
    </ClInclude>
    <ClInclude Include="GameEnemyHandler.h">
      <Filter>Objects\General Interfaces\Enemies</Filter>
    </ClInclude>
    <ClInclude Include="DroppedItem.h">
      <Filter>Objects\General Interfaces\DroppedItem</Filter>
    </ClInclude>
    <ClInclude Include="AutoProfileManager.h">
      <Filter>ToPlaceInEngine\DEBUG</Filter>
    </ClInclude>
    <ClInclude Include="AutoProfiler.h">
      <Filter>ToPlaceInEngine\DEBUG</Filter>
    </ClInclude>
    <ClInclude Include="AutoProfileManagerMacros.h">
      <Filter>ToPlaceInEngine\DEBUG</Filter>
    </ClInclude>
    <ClInclude Include="ProfileCategory.h">
      <Filter>ToPlaceInEngine\DEBUG</Filter>
    </ClInclude>
    <ClInclude Include="LogManager.h">
      <Filter>ToPlaceInEngine\LOGGING</Filter>
    </ClInclude>
    <ClInclude Include="MyGraphics.h">
      <Filter>ToPlaceInEngine\Graphics</Filter>
    </ClInclude>
    <ClInclude Include="OffsetGraphic.h">
      <Filter>ToPlaceInEngine\Graphics</Filter>
    </ClInclude>
    <ClInclude Include="KamikazeEnemy.h">
      <Filter>Objects\General Interfaces\Enemies</Filter>
    </ClInclude>
    <ClInclude Include="HitInfo.h">
      <Filter>Objects\World</Filter>
    </ClInclude>
    <ClInclude Include="LogData.h">
      <Filter>ToPlaceInEngine\LOGGING</Filter>
    </ClInclude>
    <ClInclude Include="DebugTimer.h">
      <Filter>ToPlaceInEngine</Filter>
    </ClInclude>
    <ClInclude Include="myAssert.h">
      <Filter>ToPlaceInEngine</Filter>
    </ClInclude>
    <ClInclude Include="Letter.h">
      <Filter>ToPlaceInEngine\Graphics\Particle Effects\CustomFont</Filter>
    </ClInclude>
    <ClInclude Include="ParticalWithDestination.h">
      <Filter>ToPlaceInEngine\Graphics\Particle Effects\CustomFont</Filter>
    </ClInclude>
    <ClInclude Include="TextParticalManager.h">
      <Filter>ToPlaceInEngine\Graphics\Particle Effects\CustomFont</Filter>
    </ClInclude>
    <ClInclude Include="Font.h">
      <Filter>ToPlaceInEngine\Graphics\Particle Effects\CustomFont</Filter>
    </ClInclude>
    <ClInclude Include="StartScreen.h">
      <Filter>StartScreen</Filter>
    </ClInclude>
    <ClInclude Include="TextFormatting.h">
      <Filter>ToPlaceInEngine\Graphics\Particle Effects\CustomFont</Filter>
    </ClInclude>
    <ClInclude Include="ParticalTextFormat.h">
      <Filter>ToPlaceInEngine\Graphics\Particle Effects\CustomFont</Filter>
    </ClInclude>
    <ClInclude Include="DynamicPosRandom.h">
      <Filter>Objects\General Interfaces\Dynamic Pos</Filter>
    </ClInclude>
    <ClInclude Include="GameDebugDefines.h">
      <Filter>GameManagment</Filter>
    </ClInclude>
    <ClInclude Include="GameInstance.h">
      <Filter>GameManagment</Filter>
    </ClInclude>
    <ClInclude Include="Button.h">
      <Filter>GameManagment\UI</Filter>
    </ClInclude>
    <ClInclude Include="HUD.h">
      <Filter>GameManagment\UI</Filter>
    </ClInclude>
    <ClInclude Include="TeamInfo.h">
      <Filter>GameManagment\Headers</Filter>
    </ClInclude>
    <ClInclude Include="PlayerControls.h">
      <Filter>GameManagment\Headers</Filter>
    </ClInclude>
    <ClInclude Include="GameMacros.h">
      <Filter>GameManagment\Headers</Filter>
    </ClInclude>
    <ClInclude Include="View.h" />
  </ItemGroup>
</Project>