<?xml version="1.0" encoding="utf-8"?>
<Project ToolsVersion="4.0" xmlns="http://schemas.microsoft.com/developer/msbuild/2003">
  <ItemGroup>
    <Filter Include="Objects">
      <UniqueIdentifier>{6a631003-0eae-4cda-bd55-e10cc50d03e6}</UniqueIdentifier>
    </Filter>
    <Filter Include="Objects\World">
      <UniqueIdentifier>{ca6b4b6b-780b-4892-9a1d-ccad08387c28}</UniqueIdentifier>
    </Filter>
    <Filter Include="Objects\Entities">
      <UniqueIdentifier>{6b6e6a61-0a6b-4494-9b6d-a2b13473e0b2}</UniqueIdentifier>
    </Filter>
    <Filter Include="GameManagment">
      <UniqueIdentifier>{95f9933d-e927-4d82-8e02-da0ce1355037}</UniqueIdentifier>
    </Filter>
    <Filter Include="Objects\Entities\Turrets">
      <UniqueIdentifier>{a53c8957-6dd7-4c35-a191-5dbeb70f59fa}</UniqueIdentifier>
    </Filter>
    <Filter Include="Objects\World\Boundary">
      <UniqueIdentifier>{697cc196-fe41-49ae-b146-50f8a08dbdae}</UniqueIdentifier>
    </Filter>
    <Filter Include="ToPlaceInEngine">
      <UniqueIdentifier>{87285be6-c3a8-4bed-8410-83464629cba5}</UniqueIdentifier>
    </Filter>
    <Filter Include="ToPlaceInEngine\Particle Effects">
      <UniqueIdentifier>{de9874e7-1fbe-4dc7-b990-8fb5d5368086}</UniqueIdentifier>
    </Filter>
  </ItemGroup>
  <ItemGroup>
    <ClCompile Include="Shape.cpp">
      <Filter>Objects</Filter>
    </ClCompile>
    <ClCompile Include="GameSpace.cpp">
      <Filter>Objects\World</Filter>
    </ClCompile>
    <ClCompile Include="Wall.cpp">
      <Filter>Objects\World</Filter>
    </ClCompile>
    <ClCompile Include="Spaceship.cpp">
      <Filter>Objects\Entities</Filter>
    </ClCompile>
    <ClCompile Include="Lerper.cpp">
      <Filter>Objects\Entities</Filter>
    </ClCompile>
    <ClCompile Include="HUD.cpp">
      <Filter>GameManagment</Filter>
    </ClCompile>
    <ClCompile Include="Turret.cpp">
      <Filter>Objects\Entities\Turrets</Filter>
    </ClCompile>
    <ClCompile Include="Boundary.cpp">
      <Filter>Objects\World\Boundary</Filter>
    </ClCompile>
    <ClCompile Include="SimpleBounary.cpp">
      <Filter>Objects\World\Boundary</Filter>
    </ClCompile>
    <ClCompile Include="BulletManager.cpp">
      <Filter>Objects</Filter>
    </ClCompile>
    <ClCompile Include="SolarSystem.cpp">
      <Filter>Objects\Entities</Filter>
    </ClCompile>
    <ClCompile Include="TurretMark2.cpp">
      <Filter>Objects\Entities\Turrets</Filter>
    </ClCompile>
    <ClCompile Include="BasicTurret.cpp">
      <Filter>Objects\Entities\Turrets</Filter>
    </ClCompile>
    <ClCompile Include="ComplexBoundary.cpp">
      <Filter>Objects\World\Boundary</Filter>
    </ClCompile>
    <ClCompile Include="main.cpp" />
    <ClCompile Include="TurretMark3.cpp">
      <Filter>Objects\Entities\Turrets</Filter>
    </ClCompile>
    <ClCompile Include="TurretMark4.cpp">
      <Filter>Objects\Entities\Turrets</Filter>
    </ClCompile>
    <ClCompile Include="TurretMark5.cpp">
      <Filter>Objects\Entities\Turrets</Filter>
    </ClCompile>
    <ClCompile Include="Controller.cpp">
      <Filter>GameManagment</Filter>
    </ClCompile>
    <ClCompile Include="ExplosionEffect.cpp">
      <Filter>ToPlaceInEngine\Particle Effects</Filter>
    </ClCompile>
    <ClCompile Include="..\Engine\ExtendedGraphics.cpp">
      <Filter>ToPlaceInEngine</Filter>
    </ClCompile>
    <ClCompile Include="GameEntity.cpp" />
    <ClCompile Include="ParticalManager.cpp">
      <Filter>ToPlaceInEngine\Particle Effects</Filter>
    </ClCompile>
    <ClCompile Include="ExhaustEffect.cpp" />
  </ItemGroup>
  <ItemGroup>
    <ClInclude Include="Shape.h">
      <Filter>Objects</Filter>
    </ClInclude>
    <ClInclude Include="Wall.h">
      <Filter>Objects\World</Filter>
    </ClInclude>
    <ClInclude Include="GameSpace.h">
      <Filter>Objects\World</Filter>
    </ClInclude>
    <ClInclude Include="SpaceShip.h">
      <Filter>Objects\Entities</Filter>
    </ClInclude>
    <ClInclude Include="Lerper.h">
      <Filter>Objects\Entities</Filter>
    </ClInclude>
    <ClInclude Include="HUD.h">
      <Filter>GameManagment</Filter>
    </ClInclude>
    <ClInclude Include="Controller.h">
      <Filter>GameManagment</Filter>
    </ClInclude>
    <ClInclude Include="SolarSystem.h">
      <Filter>Objects\Entities</Filter>
    </ClInclude>
    <ClInclude Include="Bullet.h">
      <Filter>Objects</Filter>
    </ClInclude>
    <ClInclude Include="BulletManager.h">
      <Filter>Objects</Filter>
    </ClInclude>
    <ClInclude Include="Turret.h">
      <Filter>Objects\Entities\Turrets</Filter>
    </ClInclude>
    <ClInclude Include="Boundary.h">
      <Filter>Objects\World\Boundary</Filter>
    </ClInclude>
    <ClInclude Include="SimpleBounary.h">
      <Filter>Objects\World\Boundary</Filter>
    </ClInclude>
    <ClInclude Include="ComplexBoundary.h">
      <Filter>Objects\World\Boundary</Filter>
    </ClInclude>
    <ClInclude Include="SingleKeyManager.h">
      <Filter>GameManagment</Filter>
    </ClInclude>
    <ClInclude Include="BasicTurret.h">
      <Filter>Objects\Entities\Turrets</Filter>
    </ClInclude>
    <ClInclude Include="TurretMark2.h">
      <Filter>Objects\Entities\Turrets</Filter>
    </ClInclude>
    <ClInclude Include="TurretMark5.h">
      <Filter>Objects\Entities\Turrets</Filter>
    </ClInclude>
    <ClInclude Include="TurretMark3.h">
      <Filter>Objects\Entities\Turrets</Filter>
    </ClInclude>
    <ClInclude Include="TurretMark4.h">
      <Filter>Objects\Entities\Turrets</Filter>
    </ClInclude>
    <ClInclude Include="..\Engine\Partical.h">
      <Filter>ToPlaceInEngine\Particle Effects</Filter>
    </ClInclude>
    <ClInclude Include="..\Engine\ParticalEffect.h">
      <Filter>ToPlaceInEngine\Particle Effects</Filter>
    </ClInclude>
    <ClInclude Include="ExplosionEffect.h">
      <Filter>ToPlaceInEngine\Particle Effects</Filter>
    </ClInclude>
    <ClInclude Include="..\Engine\ExtendedGraphics.h">
      <Filter>ToPlaceInEngine</Filter>
    </ClInclude>
    <ClInclude Include="ExhaustEffect.h">
      <Filter>ToPlaceInEngine\Particle Effects</Filter>
    </ClInclude>
    <ClInclude Include="GameEntity.h" />
    <ClInclude Include="StaticEntity.h">
      <Filter>Objects\Entities</Filter>
    </ClInclude>
    <ClInclude Include="GameGlobal.h" />
    <ClInclude Include="ParticalManager.h">
      <Filter>ToPlaceInEngine\Particle Effects</Filter>
    </ClInclude>
  </ItemGroup>
</Project>