
Microsoft Visual Studio Solution File, Format Version 12.00
# Visual Studio 2012
Project("{8BC9CEB8-8B4A-11D0-8D11-00A0C91BC942}") = "LevelEditor", "LevelEditor\LevelEditor.vcxproj", "{654311D5-B547-4D55-A736-3A4754B25B3F}"
	ProjectSection(ProjectDependencies) = postProject
		{9B38E317-E60A-4177-B01B-C0C47E6C6472} = {9B38E317-E60A-4177-B01B-C0C47E6C6472}
		{92D6CC4F-2388-446B-9BF8-2C02EEF64821} = {92D6CC4F-2388-446B-9BF8-2C02EEF64821}
	EndProjectSection
EndProject
Project("{8BC9CEB8-8B4A-11D0-8D11-00A0C91BC942}") = "Engine", "..\Engine\Engine\Engine.vcxproj", "{92D6CC4F-2388-446B-9BF8-2C02EEF64821}"
EndProject
Project("{FAE04EC0-301F-11D3-BF4B-00C04F79EFBC}") = "CSharpOBJConverter", "..\Tools\CSharpOBJConverter\CSharpOBJConverter\CSharpOBJConverter.csproj", "{9B38E317-E60A-4177-B01B-C0C47E6C6472}"
EndProject
Project("{8BC9CEB8-8B4A-11D0-8D11-00A0C91BC942}") = "Game", "Game\Game.vcxproj", "{18B74ACA-3E7F-40F8-9FF8-B1A3416CBE9E}"
	ProjectSection(ProjectDependencies) = postProject
		{92D6CC4F-2388-446B-9BF8-2C02EEF64821} = {92D6CC4F-2388-446B-9BF8-2C02EEF64821}
	EndProjectSection
EndProject
Global
	GlobalSection(SolutionConfigurationPlatforms) = preSolution
		Debug|Any CPU = Debug|Any CPU
		Debug|Mixed Platforms = Debug|Mixed Platforms
		Debug|Win32 = Debug|Win32
		Release|Any CPU = Release|Any CPU
		Release|Mixed Platforms = Release|Mixed Platforms
		Release|Win32 = Release|Win32
	EndGlobalSection
	GlobalSection(ProjectConfigurationPlatforms) = postSolution
		{654311D5-B547-4D55-A736-3A4754B25B3F}.Debug|Any CPU.ActiveCfg = Debug|Win32
		{654311D5-B547-4D55-A736-3A4754B25B3F}.Debug|Mixed Platforms.ActiveCfg = Debug|Win32
		{654311D5-B547-4D55-A736-3A4754B25B3F}.Debug|Mixed Platforms.Build.0 = Debug|Win32
		{654311D5-B547-4D55-A736-3A4754B25B3F}.Debug|Win32.ActiveCfg = Debug|Win32
		{654311D5-B547-4D55-A736-3A4754B25B3F}.Debug|Win32.Build.0 = Debug|Win32
		{654311D5-B547-4D55-A736-3A4754B25B3F}.Release|Any CPU.ActiveCfg = Release|Win32
		{654311D5-B547-4D55-A736-3A4754B25B3F}.Release|Mixed Platforms.ActiveCfg = Release|Win32
		{654311D5-B547-4D55-A736-3A4754B25B3F}.Release|Mixed Platforms.Build.0 = Release|Win32
		{654311D5-B547-4D55-A736-3A4754B25B3F}.Release|Win32.ActiveCfg = Release|Win32
		{654311D5-B547-4D55-A736-3A4754B25B3F}.Release|Win32.Build.0 = Release|Win32
		{92D6CC4F-2388-446B-9BF8-2C02EEF64821}.Debug|Any CPU.ActiveCfg = Debug|Win32
		{92D6CC4F-2388-446B-9BF8-2C02EEF64821}.Debug|Mixed Platforms.ActiveCfg = Debug|Win32
		{92D6CC4F-2388-446B-9BF8-2C02EEF64821}.Debug|Mixed Platforms.Build.0 = Debug|Win32
		{92D6CC4F-2388-446B-9BF8-2C02EEF64821}.Debug|Win32.ActiveCfg = Debug|Win32
		{92D6CC4F-2388-446B-9BF8-2C02EEF64821}.Debug|Win32.Build.0 = Debug|Win32
		{92D6CC4F-2388-446B-9BF8-2C02EEF64821}.Release|Any CPU.ActiveCfg = Release|Win32
		{92D6CC4F-2388-446B-9BF8-2C02EEF64821}.Release|Mixed Platforms.ActiveCfg = Release|Win32
		{92D6CC4F-2388-446B-9BF8-2C02EEF64821}.Release|Mixed Platforms.Build.0 = Release|Win32
		{92D6CC4F-2388-446B-9BF8-2C02EEF64821}.Release|Win32.ActiveCfg = Release|Win32
		{92D6CC4F-2388-446B-9BF8-2C02EEF64821}.Release|Win32.Build.0 = Release|Win32
		{9B38E317-E60A-4177-B01B-C0C47E6C6472}.Debug|Any CPU.ActiveCfg = Debug|Any CPU
		{9B38E317-E60A-4177-B01B-C0C47E6C6472}.Debug|Any CPU.Build.0 = Debug|Any CPU
		{9B38E317-E60A-4177-B01B-C0C47E6C6472}.Debug|Mixed Platforms.ActiveCfg = Debug|Any CPU
		{9B38E317-E60A-4177-B01B-C0C47E6C6472}.Debug|Mixed Platforms.Build.0 = Debug|Any CPU
		{9B38E317-E60A-4177-B01B-C0C47E6C6472}.Debug|Win32.ActiveCfg = Debug|Any CPU
		{9B38E317-E60A-4177-B01B-C0C47E6C6472}.Release|Any CPU.ActiveCfg = Release|Any CPU
		{9B38E317-E60A-4177-B01B-C0C47E6C6472}.Release|Any CPU.Build.0 = Release|Any CPU
		{9B38E317-E60A-4177-B01B-C0C47E6C6472}.Release|Mixed Platforms.ActiveCfg = Release|Any CPU
		{9B38E317-E60A-4177-B01B-C0C47E6C6472}.Release|Mixed Platforms.Build.0 = Release|Any CPU
		{9B38E317-E60A-4177-B01B-C0C47E6C6472}.Release|Win32.ActiveCfg = Release|Any CPU
		{18B74ACA-3E7F-40F8-9FF8-B1A3416CBE9E}.Debug|Any CPU.ActiveCfg = Debug|Win32
		{18B74ACA-3E7F-40F8-9FF8-B1A3416CBE9E}.Debug|Mixed Platforms.ActiveCfg = Debug|Win32
		{18B74ACA-3E7F-40F8-9FF8-B1A3416CBE9E}.Debug|Mixed Platforms.Build.0 = Debug|Win32
		{18B74ACA-3E7F-40F8-9FF8-B1A3416CBE9E}.Debug|Win32.ActiveCfg = Debug|Win32
		{18B74ACA-3E7F-40F8-9FF8-B1A3416CBE9E}.Debug|Win32.Build.0 = Debug|Win32
		{18B74ACA-3E7F-40F8-9FF8-B1A3416CBE9E}.Release|Any CPU.ActiveCfg = Release|Win32
		{18B74ACA-3E7F-40F8-9FF8-B1A3416CBE9E}.Release|Mixed Platforms.ActiveCfg = Release|Win32
		{18B74ACA-3E7F-40F8-9FF8-B1A3416CBE9E}.Release|Mixed Platforms.Build.0 = Release|Win32
		{18B74ACA-3E7F-40F8-9FF8-B1A3416CBE9E}.Release|Win32.ActiveCfg = Release|Win32
		{18B74ACA-3E7F-40F8-9FF8-B1A3416CBE9E}.Release|Win32.Build.0 = Release|Win32
	EndGlobalSection
	GlobalSection(SolutionProperties) = preSolution
		HideSolutionNode = FALSE
	EndGlobalSection
EndGlobal
