<?xml version="1.0" encoding="utf-8"?>
<Project ToolsVersion="4.0" xmlns="http://schemas.microsoft.com/developer/msbuild/2003">
  <ItemGroup>
    <ClCompile Include="Mainer.cpp" />
  </ItemGroup>
  <ItemGroup>
    <ClInclude Include="SingleParticleGui.h" />
    <ClInclude Include="Lab01VA\BasicVelocityAndAcc.h" />
    <ClInclude Include="Lab02FMA\BasicMomentum.h" />
    <ClInclude Include="PhysicsGUIBase.h" />
    <ClInclude Include="Lab03Force\ForceAccumulationGui.h" />
    <ClInclude Include="Lab04DragForce\DragForceGUI.h" />
    <ClInclude Include="Lab05Springs\SpringGUI.h" />
    <ClInclude Include="Lab05Springs\WavesGUI.h" />
    <ClInclude Include="Lab07Collision\CollisionGUI.h" />
    <ClInclude Include="Lab09RestingCollision\RestingCollisionGUI.h" />
    <ClInclude Include="Lab10RestingContact\RestingContactGUI.h" />
    <ClInclude Include="Lab11ParticleWorld\ParticleWorldGUI.h" />
    <ClInclude Include="Lab12AngleVel\AngleVelGUI.h" />
  </ItemGroup>
</Project>