<?xml version="1.0" encoding="utf-8"?>
<Project ToolsVersion="4.0" xmlns="http://schemas.microsoft.com/developer/msbuild/2003">
  <ItemGroup>
    <ClCompile Include="Main.cpp" />
    <ClCompile Include="MyGUI.cpp" />
    <ClCompile Include="MyGUI_mock.cpp" />
    <ClCompile Include="MyWindow.cpp" />
    <ClCompile Include="MyWindow_mock.cpp" />
    <ClCompile Include="Character.cpp" />
  </ItemGroup>
  <ItemGroup>
    <ClInclude Include="MyGUI.h" />
    <ClInclude Include="MyWindow.h" />
    <ClInclude Include="Character.h" />
  </ItemGroup>
</Project>